
Microsoft Visual Studio Solution File, Format Version 12.00
# Visual Studio Version 17
VisualStudioVersion = 17.13.36105.23 d17.13
MinimumVisualStudioVersion = 10.0.40219.1
Project("{FAE04EC0-301F-11D3-BF4B-00C04F79EFBC}") = "BlazorSignalRApp", "BlazorSignalRApp\BlazorSignalRApp.csproj", "{76B22181-65C4-4488-BFF2-ACBF9F1FB480}"
EndProject
Project("{FAE04EC0-301F-11D3-BF4B-00C04F79EFBC}") = "BlazorSignalRApp.Client", "BlazorSignalRApp.Client\BlazorSignalRApp.Client.csproj", "{1D077C9E-C47F-4074-B3BF-6C3BC34E57A0}"
EndProject
Global
	GlobalSection(SolutionConfigurationPlatforms) = preSolution
		Debug|Any CPU = Debug|Any CPU
		Release|Any CPU = Release|Any CPU
	EndGlobalSection
	GlobalSection(ProjectConfigurationPlatforms) = postSolution
		{76B22181-65C4-4488-BFF2-ACBF9F1FB480}.Debug|Any CPU.ActiveCfg = Debug|Any CPU
		{76B22181-65C4-4488-BFF2-ACBF9F1FB480}.Debug|Any CPU.Build.0 = Debug|Any CPU
		{76B22181-65C4-4488-BFF2-ACBF9F1FB480}.Release|Any CPU.ActiveCfg = Release|Any CPU
		{76B22181-65C4-4488-BFF2-ACBF9F1FB480}.Release|Any CPU.Build.0 = Release|Any CPU
		{1D077C9E-C47F-4074-B3BF-6C3BC34E57A0}.Debug|Any CPU.ActiveCfg = Debug|Any CPU
		{1D077C9E-C47F-4074-B3BF-6C3BC34E57A0}.Debug|Any CPU.Build.0 = Debug|Any CPU
		{1D077C9E-C47F-4074-B3BF-6C3BC34E57A0}.Release|Any CPU.ActiveCfg = Release|Any CPU
		{1D077C9E-C47F-4074-B3BF-6C3BC34E57A0}.Release|Any CPU.Build.0 = Release|Any CPU
	EndGlobalSection
	GlobalSection(SolutionProperties) = preSolution
		HideSolutionNode = FALSE
	EndGlobalSection
	GlobalSection(ExtensibilityGlobals) = postSolution
		SolutionGuid = {5018DFF0-73B0-4EDB-9531-9F048B03386A}
	EndGlobalSection
EndGlobal
