
Microsoft Visual Studio Solution File, Format Version 12.00
# Visual Studio Version 17
VisualStudioVersion = 17.0.31919.166
MinimumVisualStudioVersion = 10.0.40219.1
Project("{FAE04EC0-301F-11D3-BF4B-00C04F79EFBC}") = "TP N°1", "TP N°1\TP N°1.csproj", "{F7E2D877-7CA0-4695-8E89-A21691497147}"
EndProject
Global
	GlobalSection(SolutionConfigurationPlatforms) = preSolution
		Debug|Any CPU = Debug|Any CPU
		Release|Any CPU = Release|Any CPU
	EndGlobalSection
	GlobalSection(ProjectConfigurationPlatforms) = postSolution
		{F7E2D877-7CA0-4695-8E89-A21691497147}.Debug|Any CPU.ActiveCfg = Debug|Any CPU
		{F7E2D877-7CA0-4695-8E89-A21691497147}.Debug|Any CPU.Build.0 = Debug|Any CPU
		{F7E2D877-7CA0-4695-8E89-A21691497147}.Release|Any CPU.ActiveCfg = Release|Any CPU
		{F7E2D877-7CA0-4695-8E89-A21691497147}.Release|Any CPU.Build.0 = Release|Any CPU
	EndGlobalSection
	GlobalSection(SolutionProperties) = preSolution
		HideSolutionNode = FALSE
	EndGlobalSection
	GlobalSection(ExtensibilityGlobals) = postSolution
		SolutionGuid = {BB6243B3-8B20-4BB2-AAEA-66C591FA1A51}
	EndGlobalSection
EndGlobal
